
Microsoft Visual Studio Solution File, Format Version 12.00
# Visual Studio Version 17
VisualStudioVersion = 17.5.002.0
MinimumVisualStudioVersion = 10.0.40219.1
Project("{2150E333-8FDC-42A3-9474-1A3956D46DE8}") = "InterviewPreparationKit", "InterviewPreparationKit", "{BD85AFD4-435D-4C49-A337-EC3948E0B316}"
EndProject
Project("{9A19103F-16F7-4668-BE54-9A1E7A4F7556}") = "SalesByMatch", "InterviewPreparationKit\SalesByMatch\SalesByMatch.csproj", "{55D79A87-47A3-42ED-9055-BC7C0BC8325C}"
EndProject
Project("{FAE04EC0-301F-11D3-BF4B-00C04F79EFBC}") = "CountingValleys", "InterviewPreparationKit\CountingValleys\CountingValleys.csproj", "{13416CD0-95E2-4DF2-B30A-962CFF6E9F8E}"
EndProject
Project("{FAE04EC0-301F-11D3-BF4B-00C04F79EFBC}") = "JumpingOnClouds", "InterviewPreparationKit\JumpingOnClouds\JumpingOnClouds.csproj", "{F75EBDC8-7577-4AD8-89D3-EDFF475CDC03}"
EndProject
Project("{FAE04EC0-301F-11D3-BF4B-00C04F79EFBC}") = "RepeatedString", "InterviewPreparationKit\RepeatedString\RepeatedString.csproj", "{1540CE57-77E4-4F3E-BCB2-437530ECD468}"
EndProject
Global
	GlobalSection(SolutionConfigurationPlatforms) = preSolution
		Debug|Any CPU = Debug|Any CPU
		Release|Any CPU = Release|Any CPU
	EndGlobalSection
	GlobalSection(ProjectConfigurationPlatforms) = postSolution
		{55D79A87-47A3-42ED-9055-BC7C0BC8325C}.Debug|Any CPU.ActiveCfg = Debug|Any CPU
		{55D79A87-47A3-42ED-9055-BC7C0BC8325C}.Debug|Any CPU.Build.0 = Debug|Any CPU
		{55D79A87-47A3-42ED-9055-BC7C0BC8325C}.Release|Any CPU.ActiveCfg = Release|Any CPU
		{55D79A87-47A3-42ED-9055-BC7C0BC8325C}.Release|Any CPU.Build.0 = Release|Any CPU
		{13416CD0-95E2-4DF2-B30A-962CFF6E9F8E}.Debug|Any CPU.ActiveCfg = Debug|Any CPU
		{13416CD0-95E2-4DF2-B30A-962CFF6E9F8E}.Debug|Any CPU.Build.0 = Debug|Any CPU
		{13416CD0-95E2-4DF2-B30A-962CFF6E9F8E}.Release|Any CPU.ActiveCfg = Release|Any CPU
		{13416CD0-95E2-4DF2-B30A-962CFF6E9F8E}.Release|Any CPU.Build.0 = Release|Any CPU
		{F75EBDC8-7577-4AD8-89D3-EDFF475CDC03}.Debug|Any CPU.ActiveCfg = Debug|Any CPU
		{F75EBDC8-7577-4AD8-89D3-EDFF475CDC03}.Debug|Any CPU.Build.0 = Debug|Any CPU
		{F75EBDC8-7577-4AD8-89D3-EDFF475CDC03}.Release|Any CPU.ActiveCfg = Release|Any CPU
		{F75EBDC8-7577-4AD8-89D3-EDFF475CDC03}.Release|Any CPU.Build.0 = Release|Any CPU
		{1540CE57-77E4-4F3E-BCB2-437530ECD468}.Debug|Any CPU.ActiveCfg = Debug|Any CPU
		{1540CE57-77E4-4F3E-BCB2-437530ECD468}.Debug|Any CPU.Build.0 = Debug|Any CPU
		{1540CE57-77E4-4F3E-BCB2-437530ECD468}.Release|Any CPU.ActiveCfg = Release|Any CPU
		{1540CE57-77E4-4F3E-BCB2-437530ECD468}.Release|Any CPU.Build.0 = Release|Any CPU
	EndGlobalSection
	GlobalSection(SolutionProperties) = preSolution
		HideSolutionNode = FALSE
	EndGlobalSection
	GlobalSection(NestedProjects) = preSolution
		{55D79A87-47A3-42ED-9055-BC7C0BC8325C} = {BD85AFD4-435D-4C49-A337-EC3948E0B316}
		{13416CD0-95E2-4DF2-B30A-962CFF6E9F8E} = {BD85AFD4-435D-4C49-A337-EC3948E0B316}
		{F75EBDC8-7577-4AD8-89D3-EDFF475CDC03} = {BD85AFD4-435D-4C49-A337-EC3948E0B316}
		{1540CE57-77E4-4F3E-BCB2-437530ECD468} = {BD85AFD4-435D-4C49-A337-EC3948E0B316}
	EndGlobalSection
	GlobalSection(ExtensibilityGlobals) = postSolution
		SolutionGuid = {EAAFC746-D2F1-42AF-8E5C-19E9C0C2DC70}
	EndGlobalSection
EndGlobal
